[[package]]
name = "asgiref"
version = "3.5.2"
description = "ASGI specs, helper code, and adapters"
category = "main"
optional = false
python-versions = ">=3.7"

[package.extras]
tests = ["mypy (>=0.800)", "pytest", "pytest-asyncio"]

[[package]]
name = "black"
version = "22.8.0"
description = "The uncompromising code formatter."
category = "dev"
optional = false
python-versions = ">=3.6.2"

[package.dependencies]
click = ">=8.0.0"
mypy-extensions = ">=0.4.3"
pathspec = ">=0.9.0"
platformdirs = ">=2"
tomli = {version = ">=1.1.0", markers = "python_full_version < \"3.11.0a7\""}

[package.extras]
colorama = ["colorama (>=0.4.3)"]
d = ["aiohttp (>=3.7.4)"]
jupyter = ["ipython (>=7.8.0)", "tokenize-rt (>=3.2.0)"]
uvloop = ["uvloop (>=0.15.2)"]

[[package]]
name = "click"
version = "8.1.3"
description = "Composable command line interface toolkit"
category = "dev"
optional = false
python-versions = ">=3.7"

[package.dependencies]
colorama = {version = "*", markers = "platform_system == \"Windows\""}

[[package]]
name = "colorama"
version = "0.4.5"
description = "Cross-platform colored terminal text."
category = "dev"
optional = false
python-versions = ">=2.7, !=3.0.*, !=3.1.*, !=3.2.*, !=3.3.*, !=3.4.*"

[[package]]
name = "Django"
version = "4.1.1"
description = "A high-level Python web framework that encourages rapid development and clean, pragmatic design."
category = "main"
optional = false
python-versions = ">=3.8"

[package.dependencies]
asgiref = ">=3.5.2,<4"
sqlparse = ">=0.2.2"
tzdata = {version = "*", markers = "sys_platform == \"win32\""}

[package.extras]
argon2 = ["argon2-cffi (>=19.1.0)"]
bcrypt = ["bcrypt"]

[[package]]
name = "mypy-extensions"
version = "0.4.3"
description = "Experimental type system extensions for programs checked with the mypy typechecker."
category = "dev"
optional = false
python-versions = "*"

[[package]]
name = "pathspec"
version = "0.10.1"
description = "Utility library for gitignore style pattern matching of file paths."
category = "dev"
optional = false
python-versions = ">=3.7"

[[package]]
name = "pillow"
version = "9.3.0"
description = "Python Imaging Library (Fork)"
category = "main"
optional = false
python-versions = ">=3.7"

[package.extras]
docs = ["furo", "olefile", "sphinx (>=2.4)", "sphinx-copybutton", "sphinx-issues (>=3.0.1)", "sphinx-removed-in", "sphinxext-opengraph"]
tests = ["check-manifest", "coverage", "defusedxml", "markdown2", "olefile", "packaging", "pyroma", "pytest", "pytest-cov", "pytest-timeout"]

[[package]]
name = "platformdirs"
version = "2.5.2"
description = "A small Python module for determining appropriate platform-specific dirs, e.g. a \"user data dir\"."
category = "dev"
optional = false
python-versions = ">=3.7"

[package.extras]
docs = ["furo (>=2021.7.5b38)", "proselint (>=0.10.2)", "sphinx (>=4)", "sphinx-autodoc-typehints (>=1.12)"]
test = ["appdirs (==1.4.4)", "pytest (>=6)", "pytest-cov (>=2.7)", "pytest-mock (>=3.6)"]

[[package]]
name = "sqlparse"
version = "0.4.3"
description = "A non-validating SQL parser."
category = "main"
optional = false
python-versions = ">=3.5"

[[package]]
name = "tomli"
version = "2.0.1"
description = "A lil' TOML parser"
category = "dev"
optional = false
python-versions = ">=3.7"

[[package]]
name = "tzdata"
version = "2022.2"
description = "Provider of IANA time zone data"
category = "main"
optional = false
python-versions = ">=2"

[metadata]
lock-version = "1.1"
python-versions = "^3.10"
content-hash = "aa51fc463e4e83ccd31bb2bd841e046ae4ebbb5db711f07a09cfc5e0e18c732f"

[metadata.files]
asgiref = [
    {file = "asgiref-3.5.2-py3-none-any.whl", hash = "sha256:1d2880b792ae8757289136f1db2b7b99100ce959b2aa57fd69dab783d05afac4"},
    {file = "asgiref-3.5.2.tar.gz", hash = "sha256:4a29362a6acebe09bf1d6640db38c1dc3d9217c68e6f9f6204d72667fc19a424"},
]
black = [
    {file = "black-22.8.0-cp310-cp310-macosx_10_9_universal2.whl", hash = "sha256:ce957f1d6b78a8a231b18e0dd2d94a33d2ba738cd88a7fe64f53f659eea49fdd"},
    {file = "black-22.8.0-cp310-cp310-macosx_10_9_x86_64.whl", hash = "sha256:5107ea36b2b61917956d018bd25129baf9ad1125e39324a9b18248d362156a27"},
    {file = "black-22.8.0-cp310-cp310-macosx_11_0_arm64.whl", hash = "sha256:e8166b7bfe5dcb56d325385bd1d1e0f635f24aae14b3ae437102dedc0c186747"},
    {file = "black-22.8.0-cp310-cp310-manylinux_2_17_x86_64.manylinux2014_x86_64.whl", hash = "sha256:dd82842bb272297503cbec1a2600b6bfb338dae017186f8f215c8958f8acf869"},
    {file = "black-22.8.0-cp310-cp310-win_amd64.whl", hash = "sha256:d839150f61d09e7217f52917259831fe2b689f5c8e5e32611736351b89bb2a90"},
    {file = "black-22.8.0-cp36-cp36m-macosx_10_9_x86_64.whl", hash = "sha256:a05da0430bd5ced89176db098567973be52ce175a55677436a271102d7eaa3fe"},
    {file = "black-22.8.0-cp36-cp36m-manylinux_2_17_x86_64.manylinux2014_x86_64.whl", hash = "sha256:4a098a69a02596e1f2a58a2a1c8d5a05d5a74461af552b371e82f9fa4ada8342"},
    {file = "black-22.8.0-cp36-cp36m-win_amd64.whl", hash = "sha256:5594efbdc35426e35a7defa1ea1a1cb97c7dbd34c0e49af7fb593a36bd45edab"},
    {file = "black-22.8.0-cp37-cp37m-macosx_10_9_x86_64.whl", hash = "sha256:a983526af1bea1e4cf6768e649990f28ee4f4137266921c2c3cee8116ae42ec3"},
    {file = "black-22.8.0-cp37-cp37m-manylinux_2_17_x86_64.manylinux2014_x86_64.whl", hash = "sha256:3b2c25f8dea5e8444bdc6788a2f543e1fb01494e144480bc17f806178378005e"},
    {file = "black-22.8.0-cp37-cp37m-win_amd64.whl", hash = "sha256:78dd85caaab7c3153054756b9fe8c611efa63d9e7aecfa33e533060cb14b6d16"},
    {file = "black-22.8.0-cp38-cp38-macosx_10_9_universal2.whl", hash = "sha256:cea1b2542d4e2c02c332e83150e41e3ca80dc0fb8de20df3c5e98e242156222c"},
    {file = "black-22.8.0-cp38-cp38-macosx_10_9_x86_64.whl", hash = "sha256:5b879eb439094751185d1cfdca43023bc6786bd3c60372462b6f051efa6281a5"},
    {file = "black-22.8.0-cp38-cp38-macosx_11_0_arm64.whl", hash = "sha256:0a12e4e1353819af41df998b02c6742643cfef58282915f781d0e4dd7a200411"},
    {file = "black-22.8.0-cp38-cp38-manylinux_2_17_x86_64.manylinux2014_x86_64.whl", hash = "sha256:c3a73f66b6d5ba7288cd5d6dad9b4c9b43f4e8a4b789a94bf5abfb878c663eb3"},
    {file = "black-22.8.0-cp38-cp38-win_amd64.whl", hash = "sha256:e981e20ec152dfb3e77418fb616077937378b322d7b26aa1ff87717fb18b4875"},
    {file = "black-22.8.0-cp39-cp39-macosx_10_9_universal2.whl", hash = "sha256:8ce13ffed7e66dda0da3e0b2eb1bdfc83f5812f66e09aca2b0978593ed636b6c"},
    {file = "black-22.8.0-cp39-cp39-macosx_10_9_x86_64.whl", hash = "sha256:32a4b17f644fc288c6ee2bafdf5e3b045f4eff84693ac069d87b1a347d861497"},
    {file = "black-22.8.0-cp39-cp39-macosx_11_0_arm64.whl", hash = "sha256:0ad827325a3a634bae88ae7747db1a395d5ee02cf05d9aa7a9bd77dfb10e940c"},
    {file = "black-22.8.0-cp39-cp39-manylinux_2_17_x86_64.manylinux2014_x86_64.whl", hash = "sha256:53198e28a1fb865e9fe97f88220da2e44df6da82b18833b588b1883b16bb5d41"},
    {file = "black-22.8.0-cp39-cp39-win_amd64.whl", hash = "sha256:bc4d4123830a2d190e9cc42a2e43570f82ace35c3aeb26a512a2102bce5af7ec"},
    {file = "black-22.8.0-py3-none-any.whl", hash = "sha256:d2c21d439b2baf7aa80d6dd4e3659259be64c6f49dfd0f32091063db0e006db4"},
    {file = "black-22.8.0.tar.gz", hash = "sha256:792f7eb540ba9a17e8656538701d3eb1afcb134e3b45b71f20b25c77a8db7e6e"},
]
click = [
    {file = "click-8.1.3-py3-none-any.whl", hash = "sha256:bb4d8133cb15a609f44e8213d9b391b0809795062913b383c62be0ee95b1db48"},
    {file = "click-8.1.3.tar.gz", hash = "sha256:7682dc8afb30297001674575ea00d1814d808d6a36af415a82bd481d37ba7b8e"},
]
colorama = [
    {file = "colorama-0.4.5-py2.py3-none-any.whl", hash = "sha256:854bf444933e37f5824ae7bfc1e98d5bce2ebe4160d46b5edf346a89358e99da"},
    {file = "colorama-0.4.5.tar.gz", hash = "sha256:e6c6b4334fc50988a639d9b98aa429a0b57da6e17b9a44f0451f930b6967b7a4"},
]
Django = [
    {file = "Django-4.1.1-py3-none-any.whl", hash = "sha256:acb21fac9275f9972d81c7caf5761a89ec3ea25fe74545dd26b8a48cb3a0203e"},
    {file = "Django-4.1.1.tar.gz", hash = "sha256:a153ffd5143bf26a877bfae2f4ec736ebd8924a46600ca089ad96b54a1d4e28e"},
]
mypy-extensions = [
    {file = "mypy_extensions-0.4.3-py2.py3-none-any.whl", hash = "sha256:090fedd75945a69ae91ce1303b5824f428daf5a028d2f6ab8a299250a846f15d"},
    {file = "mypy_extensions-0.4.3.tar.gz", hash = "sha256:2d82818f5bb3e369420cb3c4060a7970edba416647068eb4c5343488a6c604a8"},
]
pathspec = [
    {file = "pathspec-0.10.1-py3-none-any.whl", hash = "sha256:46846318467efc4556ccfd27816e004270a9eeeeb4d062ce5e6fc7a87c573f93"},
    {file = "pathspec-0.10.1.tar.gz", hash = "sha256:7ace6161b621d31e7902eb6b5ae148d12cfd23f4a249b9ffb6b9fee12084323d"},
]
pillow = [
    {file = "Pillow-9.3.0-cp310-cp310-macosx_10_10_x86_64.whl", hash = "sha256:0b7257127d646ff8676ec8a15520013a698d1fdc48bc2a79ba4e53df792526f2"},
    {file = "Pillow-9.3.0-cp310-cp310-macosx_11_0_arm64.whl", hash = "sha256:b90f7616ea170e92820775ed47e136208e04c967271c9ef615b6fbd08d9af0e3"},
    {file = "Pillow-9.3.0-cp310-cp310-manylinux_2_17_aarch64.manylinux2014_aarch64.whl", hash = "sha256:68943d632f1f9e3dce98908e873b3a090f6cba1cbb1b892a9e8d97c938871fbe"},
    {file = "Pillow-9.3.0-cp310-cp310-manylinux_2_17_i686.manylinux2014_i686.whl", hash = "sha256:be55f8457cd1eac957af0c3f5ece7bc3f033f89b114ef30f710882717670b2a8"},
    {file = "Pillow-9.3.0-cp310-cp310-manylinux_2_17_x86_64.manylinux2014_x86_64.whl", hash = "sha256:5d77adcd56a42d00cc1be30843d3426aa4e660cab4a61021dc84467123f7a00c"},
    {file = "Pillow-9.3.0-cp310-cp310-manylinux_2_28_aarch64.whl", hash = "sha256:829f97c8e258593b9daa80638aee3789b7df9da5cf1336035016d76f03b8860c"},
    {file = "Pillow-9.3.0-cp310-cp310-manylinux_2_28_x86_64.whl", hash = "sha256:801ec82e4188e935c7f5e22e006d01611d6b41661bba9fe45b60e7ac1a8f84de"},
    {file = "Pillow-9.3.0-cp310-cp310-musllinux_1_1_x86_64.whl", hash = "sha256:871b72c3643e516db4ecf20efe735deb27fe30ca17800e661d769faab45a18d7"},
    {file = "Pillow-9.3.0-cp310-cp310-win32.whl", hash = "sha256:655a83b0058ba47c7c52e4e2df5ecf484c1b0b0349805896dd350cbc416bdd91"},
    {file = "Pillow-9.3.0-cp310-cp310-win_amd64.whl", hash = "sha256:9f47eabcd2ded7698106b05c2c338672d16a6f2a485e74481f524e2a23c2794b"},
    {file = "Pillow-9.3.0-cp311-cp311-macosx_10_10_x86_64.whl", hash = "sha256:57751894f6618fd4308ed8e0c36c333e2f5469744c34729a27532b3db106ee20"},
    {file = "Pillow-9.3.0-cp311-cp311-macosx_11_0_arm64.whl", hash = "sha256:7db8b751ad307d7cf238f02101e8e36a128a6cb199326e867d1398067381bff4"},
    {file = "Pillow-9.3.0-cp311-cp311-manylinux_2_17_aarch64.manylinux2014_aarch64.whl", hash = "sha256:3033fbe1feb1b59394615a1cafaee85e49d01b51d54de0cbf6aa8e64182518a1"},
    {file = "Pillow-9.3.0-cp311-cp311-manylinux_2_17_i686.manylinux2014_i686.whl", hash = "sha256:22b012ea2d065fd163ca096f4e37e47cd8b59cf4b0fd47bfca6abb93df70b34c"},
    {file = "Pillow-9.3.0-cp311-cp311-manylinux_2_17_x86_64.manylinux2014_x86_64.whl", hash = "sha256:b9a65733d103311331875c1dca05cb4606997fd33d6acfed695b1232ba1df193"},
    {file = "Pillow-9.3.0-cp311-cp311-manylinux_2_28_aarch64.whl", hash = "sha256:502526a2cbfa431d9fc2a079bdd9061a2397b842bb6bc4239bb176da00993812"},
    {file = "Pillow-9.3.0-cp311-cp311-manylinux_2_28_x86_64.whl", hash = "sha256:90fb88843d3902fe7c9586d439d1e8c05258f41da473952aa8b328d8b907498c"},
    {file = "Pillow-9.3.0-cp311-cp311-musllinux_1_1_x86_64.whl", hash = "sha256:89dca0ce00a2b49024df6325925555d406b14aa3efc2f752dbb5940c52c56b11"},
    {file = "Pillow-9.3.0-cp311-cp311-win32.whl", hash = "sha256:3168434d303babf495d4ba58fc22d6604f6e2afb97adc6a423e917dab828939c"},
    {file = "Pillow-9.3.0-cp311-cp311-win_amd64.whl", hash = "sha256:18498994b29e1cf86d505edcb7edbe814d133d2232d256db8c7a8ceb34d18cef"},
    {file = "Pillow-9.3.0-cp37-cp37m-macosx_10_10_x86_64.whl", hash = "sha256:772a91fc0e03eaf922c63badeca75e91baa80fe2f5f87bdaed4280662aad25c9"},
    {file = "Pillow-9.3.0-cp37-cp37m-manylinux_2_17_aarch64.manylinux2014_aarch64.whl", hash = "sha256:afa4107d1b306cdf8953edde0534562607fe8811b6c4d9a486298ad31de733b2"},
    {file = "Pillow-9.3.0-cp37-cp37m-manylinux_2_17_i686.manylinux2014_i686.whl", hash = "sha256:b4012d06c846dc2b80651b120e2cdd787b013deb39c09f407727ba90015c684f"},
    {file = "Pillow-9.3.0-cp37-cp37m-manylinux_2_17_x86_64.manylinux2014_x86_64.whl", hash = "sha256:77ec3e7be99629898c9a6d24a09de089fa5356ee408cdffffe62d67bb75fdd72"},
    {file = "Pillow-9.3.0-cp37-cp37m-manylinux_2_28_aarch64.whl", hash = "sha256:6c738585d7a9961d8c2821a1eb3dcb978d14e238be3d70f0a706f7fa9316946b"},
    {file = "Pillow-9.3.0-cp37-cp37m-manylinux_2_28_x86_64.whl", hash = "sha256:828989c45c245518065a110434246c44a56a8b2b2f6347d1409c787e6e4651ee"},
    {file = "Pillow-9.3.0-cp37-cp37m-win32.whl", hash = "sha256:82409ffe29d70fd733ff3c1025a602abb3e67405d41b9403b00b01debc4c9a29"},
    {file = "Pillow-9.3.0-cp37-cp37m-win_amd64.whl", hash = "sha256:41e0051336807468be450d52b8edd12ac60bebaa97fe10c8b660f116e50b30e4"},
    {file = "Pillow-9.3.0-cp38-cp38-macosx_10_10_x86_64.whl", hash = "sha256:b03ae6f1a1878233ac620c98f3459f79fd77c7e3c2b20d460284e1fb370557d4"},
    {file = "Pillow-9.3.0-cp38-cp38-macosx_11_0_arm64.whl", hash = "sha256:4390e9ce199fc1951fcfa65795f239a8a4944117b5935a9317fb320e7767b40f"},
    {file = "Pillow-9.3.0-cp38-cp38-manylinux_2_17_aarch64.manylinux2014_aarch64.whl", hash = "sha256:40e1ce476a7804b0fb74bcfa80b0a2206ea6a882938eaba917f7a0f004b42502"},
    {file = "Pillow-9.3.0-cp38-cp38-manylinux_2_17_i686.manylinux2014_i686.whl", hash = "sha256:a0a06a052c5f37b4ed81c613a455a81f9a3a69429b4fd7bb913c3fa98abefc20"},
    {file = "Pillow-9.3.0-cp38-cp38-manylinux_2_17_x86_64.manylinux2014_x86_64.whl", hash = "sha256:03150abd92771742d4a8cd6f2fa6246d847dcd2e332a18d0c15cc75bf6703040"},
    {file = "Pillow-9.3.0-cp38-cp38-manylinux_2_28_aarch64.whl", hash = "sha256:15c42fb9dea42465dfd902fb0ecf584b8848ceb28b41ee2b58f866411be33f07"},
    {file = "Pillow-9.3.0-cp38-cp38-manylinux_2_28_x86_64.whl", hash = "sha256:51e0e543a33ed92db9f5ef69a0356e0b1a7a6b6a71b80df99f1d181ae5875636"},
    {file = "Pillow-9.3.0-cp38-cp38-musllinux_1_1_x86_64.whl", hash = "sha256:3dd6caf940756101205dffc5367babf288a30043d35f80936f9bfb37f8355b32"},
    {file = "Pillow-9.3.0-cp38-cp38-win32.whl", hash = "sha256:f1ff2ee69f10f13a9596480335f406dd1f70c3650349e2be67ca3139280cade0"},
    {file = "Pillow-9.3.0-cp38-cp38-win_amd64.whl", hash = "sha256:276a5ca930c913f714e372b2591a22c4bd3b81a418c0f6635ba832daec1cbcfc"},
    {file = "Pillow-9.3.0-cp39-cp39-macosx_10_10_x86_64.whl", hash = "sha256:73bd195e43f3fadecfc50c682f5055ec32ee2c933243cafbfdec69ab1aa87cad"},
    {file = "Pillow-9.3.0-cp39-cp39-macosx_11_0_arm64.whl", hash = "sha256:1c7c8ae3864846fc95f4611c78129301e203aaa2af813b703c55d10cc1628535"},
    {file = "Pillow-9.3.0-cp39-cp39-manylinux_2_17_aarch64.manylinux2014_aarch64.whl", hash = "sha256:2e0918e03aa0c72ea56edbb00d4d664294815aa11291a11504a377ea018330d3"},
    {file = "Pillow-9.3.0-cp39-cp39-manylinux_2_17_i686.manylinux2014_i686.whl", hash = "sha256:b0915e734b33a474d76c28e07292f196cdf2a590a0d25bcc06e64e545f2d146c"},
    {file = "Pillow-9.3.0-cp39-cp39-manylinux_2_17_x86_64.manylinux2014_x86_64.whl", hash = "sha256:af0372acb5d3598f36ec0914deed2a63f6bcdb7b606da04dc19a88d31bf0c05b"},
    {file = "Pillow-9.3.0-cp39-cp39-manylinux_2_28_aarch64.whl", hash = "sha256:ad58d27a5b0262c0c19b47d54c5802db9b34d38bbf886665b626aff83c74bacd"},
    {file = "Pillow-9.3.0-cp39-cp39-manylinux_2_28_x86_64.whl", hash = "sha256:97aabc5c50312afa5e0a2b07c17d4ac5e865b250986f8afe2b02d772567a380c"},
    {file = "Pillow-9.3.0-cp39-cp39-musllinux_1_1_x86_64.whl", hash = "sha256:9aaa107275d8527e9d6e7670b64aabaaa36e5b6bd71a1015ddd21da0d4e06448"},
    {file = "Pillow-9.3.0-cp39-cp39-win32.whl", hash = "sha256:bac18ab8d2d1e6b4ce25e3424f709aceef668347db8637c2296bcf41acb7cf48"},
    {file = "Pillow-9.3.0-cp39-cp39-win_amd64.whl", hash = "sha256:b472b5ea442148d1c3e2209f20f1e0bb0eb556538690fa70b5e1f79fa0ba8dc2"},
    {file = "Pillow-9.3.0-pp37-pypy37_pp73-macosx_10_10_x86_64.whl", hash = "sha256:ab388aaa3f6ce52ac1cb8e122c4bd46657c15905904b3120a6248b5b8b0bc228"},
    {file = "Pillow-9.3.0-pp37-pypy37_pp73-manylinux_2_17_i686.manylinux2014_i686.whl", hash = "sha256:dbb8e7f2abee51cef77673be97760abff1674ed32847ce04b4af90f610144c7b"},
    {file = "Pillow-9.3.0-pp37-pypy37_pp73-manylinux_2_17_x86_64.manylinux2014_x86_64.whl", hash = "sha256:bca31dd6014cb8b0b2db1e46081b0ca7d936f856da3b39744aef499db5d84d02"},
    {file = "Pillow-9.3.0-pp37-pypy37_pp73-manylinux_2_28_x86_64.whl", hash = "sha256:c7025dce65566eb6e89f56c9509d4f628fddcedb131d9465cacd3d8bac337e7e"},
    {file = "Pillow-9.3.0-pp37-pypy37_pp73-win_amd64.whl", hash = "sha256:ebf2029c1f464c59b8bdbe5143c79fa2045a581ac53679733d3a91d400ff9efb"},
    {file = "Pillow-9.3.0-pp38-pypy38_pp73-macosx_10_10_x86_64.whl", hash = "sha256:b59430236b8e58840a0dfb4099a0e8717ffb779c952426a69ae435ca1f57210c"},
    {file = "Pillow-9.3.0-pp38-pypy38_pp73-manylinux_2_17_i686.manylinux2014_i686.whl", hash = "sha256:12ce4932caf2ddf3e41d17fc9c02d67126935a44b86df6a206cf0d7161548627"},
    {file = "Pillow-9.3.0-pp38-pypy38_pp73-manylinux_2_17_x86_64.manylinux2014_x86_64.whl", hash = "sha256:ae5331c23ce118c53b172fa64a4c037eb83c9165aba3a7ba9ddd3ec9fa64a699"},
    {file = "Pillow-9.3.0-pp38-pypy38_pp73-manylinux_2_28_x86_64.whl", hash = "sha256:0b07fffc13f474264c336298d1b4ce01d9c5a011415b79d4ee5527bb69ae6f65"},
    {file = "Pillow-9.3.0-pp38-pypy38_pp73-win_amd64.whl", hash = "sha256:073adb2ae23431d3b9bcbcff3fe698b62ed47211d0716b067385538a1b0f28b8"},
    {file = "Pillow-9.3.0.tar.gz", hash = "sha256:c935a22a557a560108d780f9a0fc426dd7459940dc54faa49d83249c8d3e760f"},
]
platformdirs = [
    {file = "platformdirs-2.5.2-py3-none-any.whl", hash = "sha256:027d8e83a2d7de06bbac4e5ef7e023c02b863d7ea5d079477e722bb41ab25788"},
    {file = "platformdirs-2.5.2.tar.gz", hash = "sha256:58c8abb07dcb441e6ee4b11d8df0ac856038f944ab98b7be6b27b2a3c7feef19"},
]
sqlparse = [
    {file = "sqlparse-0.4.3-py3-none-any.whl", hash = "sha256:0323c0ec29cd52bceabc1b4d9d579e311f3e4961b98d174201d5622a23b85e34"},
    {file = "sqlparse-0.4.3.tar.gz", hash = "sha256:69ca804846bb114d2ec380e4360a8a340db83f0ccf3afceeb1404df028f57268"},
]
tomli = [
    {file = "tomli-2.0.1-py3-none-any.whl", hash = "sha256:939de3e7a6161af0c887ef91b7d41a53e7c5a1ca976325f429cb46ea9bc30ecc"},
    {file = "tomli-2.0.1.tar.gz", hash = "sha256:de526c12914f0c550d15924c62d72abc48d6fe7364aa87328337a31007fe8a4f"},
]
tzdata = [
    {file = "tzdata-2022.2-py2.py3-none-any.whl", hash = "sha256:c3119520447d68ef3eb8187a55a4f44fa455f30eb1b4238fa5691ba094f2b05b"},
    {file = "tzdata-2022.2.tar.gz", hash = "sha256:21f4f0d7241572efa7f7a4fdabb052e61b55dc48274e6842697ccdf5253e5451"},
]
